
Microsoft Visual Studio Solution File, Format Version 12.00
# Visual Studio Version 16
VisualStudioVersion = 16.0.30011.22
MinimumVisualStudioVersion = 10.0.40219.1
Project("{2150E333-8FDC-42A3-9474-1A3956D46DE8}") = "ServiceProviders", "ServiceProviders", "{464B428A-45D3-4D43-93D0-6706C9B226D1}"
EndProject
Project("{2150E333-8FDC-42A3-9474-1A3956D46DE8}") = "DirectAccess", "DirectAccess", "{57B641A6-3F53-41A2-9AFF-51D93610A0BD}"
EndProject
Project("{2150E333-8FDC-42A3-9474-1A3956D46DE8}") = "WS", "WS", "{95F105FC-3028-433C-AE1B-111FAED4E0AF}"
EndProject
Project("{2150E333-8FDC-42A3-9474-1A3956D46DE8}") = "WCF", "WCF", "{17C12B5A-7AAF-4D52-821C-68781E37911E}"
EndProject
Project("{2150E333-8FDC-42A3-9474-1A3956D46DE8}") = "Proxies", "Proxies", "{0F20696D-702A-4758-9EC4-4D10D1BEC8D7}"
EndProject
Project("{2150E333-8FDC-42A3-9474-1A3956D46DE8}") = "DirectAccess", "DirectAccess", "{116C4886-1DDA-43D6-B216-ED3D1F5F3C1F}"
EndProject
Project("{2150E333-8FDC-42A3-9474-1A3956D46DE8}") = "WCF", "WCF", "{E07B1974-B994-4D4A-B12E-C6B9E53CAC23}"
EndProject
Project("{2150E333-8FDC-42A3-9474-1A3956D46DE8}") = "WS", "WS", "{89D70C6D-2A2D-4AD5-9DD4-F878FAD81D5F}"
EndProject
Project("{FAE04EC0-301F-11D3-BF4B-00C04F79EFBC}") = "SALPrototypeWPF", "SALPrototypeWPF.csproj", "{233A1BCE-146A-40D3-932E-C1CA189D97F1}"
EndProject
Project("{FAE04EC0-301F-11D3-BF4B-00C04F79EFBC}") = "SAL.DataContainers", "..\..\Common\SAL.DataContainers\SAL.DataContainers.csproj", "{485F1C21-A5D1-4E15-A762-C52D6C361E8B}"
EndProject
Project("{FAE04EC0-301F-11D3-BF4B-00C04F79EFBC}") = "SAL.Factory", "..\..\Common\SAL.Factory\SAL.Factory.csproj", "{50D3DC2F-259A-4B8A-B2F7-83B07798552C}"
EndProject
Project("{FAE04EC0-301F-11D3-BF4B-00C04F79EFBC}") = "SAL.ModuleLoader", "..\..\Common\SAL.ModuleLoader\SAL.ModuleLoader.csproj", "{C44F51B3-C35B-4F03-B214-058D6056DAE5}"
EndProject
Project("{FAE04EC0-301F-11D3-BF4B-00C04F79EFBC}") = "DirectAccessProvider", "..\..\Common\ServiceProviders\DirectAccess\DirectAccessProvider\DirectAccessProvider.csproj", "{B9E1D0E0-E1DB-49D7-A9D3-03DF7DEB0E00}"
EndProject
Project("{E24C65DC-7377-472B-9ABA-BC803B73C61A}") = "SAL.WebServices", "..\..\Common\ServiceProviders\WS\SAL.WebServices\", "{01FEFADF-1EE5-48EB-B77C-DA294C98349D}"
	ProjectSection(WebsiteProperties) = preProject
		TargetFrameworkMoniker = ".NETFramework,Version%3Dv3.5"
		ProjectReferences = "{485f1c21-a5d1-4e15-a762-c52d6c361e8b}|SAL.DataContainers.dll;{b9e1d0e0-e1db-49d7-a9d3-03df7deb0e00}|DirectAccessProvider.dll;{50D3DC2F-259A-4B8A-B2F7-83B07798552C}|SAL.Factory.dll;"
		Debug.AspNetCompiler.VirtualPath = "/SAL.WebServices"
		Debug.AspNetCompiler.PhysicalPath = "..\..\Common\ServiceProviders\WS\SAL.WebServices\"
		Debug.AspNetCompiler.TargetPath = "PrecompiledWeb\SAL.WebServices\"
		Debug.AspNetCompiler.Updateable = "true"
		Debug.AspNetCompiler.ForceOverwrite = "true"
		Debug.AspNetCompiler.FixedNames = "false"
		Debug.AspNetCompiler.Debug = "True"
		Release.AspNetCompiler.VirtualPath = "/SAL.WebServices"
		Release.AspNetCompiler.PhysicalPath = "..\..\Common\ServiceProviders\WS\SAL.WebServices\"
		Release.AspNetCompiler.TargetPath = "PrecompiledWeb\SAL.WebServices\"
		Release.AspNetCompiler.Updateable = "true"
		Release.AspNetCompiler.ForceOverwrite = "true"
		Release.AspNetCompiler.FixedNames = "false"
		Release.AspNetCompiler.Debug = "False"
		VWDPort = "3201"
		SlnRelativePath = "..\..\Common\ServiceProviders\WS\SAL.WebServices\"
		StartServerOnDebug = "true"
	EndProjectSection
EndProject
Project("{FAE04EC0-301F-11D3-BF4B-00C04F79EFBC}") = "SAL.WCFServiceHost", "..\..\Common\ServiceProviders\WCF\SAL.WCFServiceHost\SAL.WCFServiceHost.csproj", "{58527400-B60C-45ED-BBA7-D1FDF8B36FB0}"
EndProject
Project("{FAE04EC0-301F-11D3-BF4B-00C04F79EFBC}") = "DirectAccessProxy", "..\..\Common\Proxies\DirectAccess\DirectAccessProxy\DirectAccessProxy.csproj", "{AC92CE67-9A49-448F-9995-90882E23E58E}"
EndProject
Project("{FAE04EC0-301F-11D3-BF4B-00C04F79EFBC}") = "SAL.WCFProxy", "..\..\Common\Proxies\WCF\WCFProxy\SAL.WCFProxy.csproj", "{C5095C64-66C4-4D71-B121-B8B3ADDC51AE}"
EndProject
Project("{FAE04EC0-301F-11D3-BF4B-00C04F79EFBC}") = "SAL.WSProxy", "..\..\Common\Proxies\WS\SAL.WSProxy\SAL.WSProxy.csproj", "{28607EF2-0DF9-4F50-B3F7-6ED21AF8496D}"
EndProject
Global
	GlobalSection(SolutionConfigurationPlatforms) = preSolution
		Debug|.NET = Debug|.NET
		Debug|Any CPU = Debug|Any CPU
		Debug|Mixed Platforms = Debug|Mixed Platforms
		Release|.NET = Release|.NET
		Release|Any CPU = Release|Any CPU
		Release|Mixed Platforms = Release|Mixed Platforms
	EndGlobalSection
	GlobalSection(ProjectConfigurationPlatforms) = postSolution
		{233A1BCE-146A-40D3-932E-C1CA189D97F1}.Debug|.NET.ActiveCfg = Debug|Any CPU
		{233A1BCE-146A-40D3-932E-C1CA189D97F1}.Debug|Any CPU.ActiveCfg = Debug|Any CPU
		{233A1BCE-146A-40D3-932E-C1CA189D97F1}.Debug|Any CPU.Build.0 = Debug|Any CPU
		{233A1BCE-146A-40D3-932E-C1CA189D97F1}.Debug|Mixed Platforms.ActiveCfg = Debug|Any CPU
		{233A1BCE-146A-40D3-932E-C1CA189D97F1}.Debug|Mixed Platforms.Build.0 = Debug|Any CPU
		{233A1BCE-146A-40D3-932E-C1CA189D97F1}.Release|.NET.ActiveCfg = Release|Any CPU
		{233A1BCE-146A-40D3-932E-C1CA189D97F1}.Release|Any CPU.ActiveCfg = Release|Any CPU
		{233A1BCE-146A-40D3-932E-C1CA189D97F1}.Release|Any CPU.Build.0 = Release|Any CPU
		{233A1BCE-146A-40D3-932E-C1CA189D97F1}.Release|Mixed Platforms.ActiveCfg = Release|Any CPU
		{233A1BCE-146A-40D3-932E-C1CA189D97F1}.Release|Mixed Platforms.Build.0 = Release|Any CPU
		{485F1C21-A5D1-4E15-A762-C52D6C361E8B}.Debug|.NET.ActiveCfg = Debug|Any CPU
		{485F1C21-A5D1-4E15-A762-C52D6C361E8B}.Debug|Any CPU.ActiveCfg = Debug|Any CPU
		{485F1C21-A5D1-4E15-A762-C52D6C361E8B}.Debug|Any CPU.Build.0 = Debug|Any CPU
		{485F1C21-A5D1-4E15-A762-C52D6C361E8B}.Debug|Mixed Platforms.ActiveCfg = Debug|Any CPU
		{485F1C21-A5D1-4E15-A762-C52D6C361E8B}.Debug|Mixed Platforms.Build.0 = Debug|Any CPU
		{485F1C21-A5D1-4E15-A762-C52D6C361E8B}.Release|.NET.ActiveCfg = Release|Any CPU
		{485F1C21-A5D1-4E15-A762-C52D6C361E8B}.Release|Any CPU.ActiveCfg = Release|Any CPU
		{485F1C21-A5D1-4E15-A762-C52D6C361E8B}.Release|Any CPU.Build.0 = Release|Any CPU
		{485F1C21-A5D1-4E15-A762-C52D6C361E8B}.Release|Mixed Platforms.ActiveCfg = Release|Any CPU
		{485F1C21-A5D1-4E15-A762-C52D6C361E8B}.Release|Mixed Platforms.Build.0 = Release|Any CPU
		{50D3DC2F-259A-4B8A-B2F7-83B07798552C}.Debug|.NET.ActiveCfg = Debug|Any CPU
		{50D3DC2F-259A-4B8A-B2F7-83B07798552C}.Debug|Any CPU.ActiveCfg = Debug|Any CPU
		{50D3DC2F-259A-4B8A-B2F7-83B07798552C}.Debug|Any CPU.Build.0 = Debug|Any CPU
		{50D3DC2F-259A-4B8A-B2F7-83B07798552C}.Debug|Mixed Platforms.ActiveCfg = Debug|Any CPU
		{50D3DC2F-259A-4B8A-B2F7-83B07798552C}.Debug|Mixed Platforms.Build.0 = Debug|Any CPU
		{50D3DC2F-259A-4B8A-B2F7-83B07798552C}.Release|.NET.ActiveCfg = Release|Any CPU
		{50D3DC2F-259A-4B8A-B2F7-83B07798552C}.Release|Any CPU.ActiveCfg = Release|Any CPU
		{50D3DC2F-259A-4B8A-B2F7-83B07798552C}.Release|Any CPU.Build.0 = Release|Any CPU
		{50D3DC2F-259A-4B8A-B2F7-83B07798552C}.Release|Mixed Platforms.ActiveCfg = Release|Any CPU
		{50D3DC2F-259A-4B8A-B2F7-83B07798552C}.Release|Mixed Platforms.Build.0 = Release|Any CPU
		{C44F51B3-C35B-4F03-B214-058D6056DAE5}.Debug|.NET.ActiveCfg = Debug|Any CPU
		{C44F51B3-C35B-4F03-B214-058D6056DAE5}.Debug|Any CPU.ActiveCfg = Debug|Any CPU
		{C44F51B3-C35B-4F03-B214-058D6056DAE5}.Debug|Any CPU.Build.0 = Debug|Any CPU
		{C44F51B3-C35B-4F03-B214-058D6056DAE5}.Debug|Mixed Platforms.ActiveCfg = Debug|Any CPU
		{C44F51B3-C35B-4F03-B214-058D6056DAE5}.Debug|Mixed Platforms.Build.0 = Debug|Any CPU
		{C44F51B3-C35B-4F03-B214-058D6056DAE5}.Release|.NET.ActiveCfg = Release|Any CPU
		{C44F51B3-C35B-4F03-B214-058D6056DAE5}.Release|Any CPU.ActiveCfg = Release|Any CPU
		{C44F51B3-C35B-4F03-B214-058D6056DAE5}.Release|Any CPU.Build.0 = Release|Any CPU
		{C44F51B3-C35B-4F03-B214-058D6056DAE5}.Release|Mixed Platforms.ActiveCfg = Release|Any CPU
		{C44F51B3-C35B-4F03-B214-058D6056DAE5}.Release|Mixed Platforms.Build.0 = Release|Any CPU
		{B9E1D0E0-E1DB-49D7-A9D3-03DF7DEB0E00}.Debug|.NET.ActiveCfg = Debug|Any CPU
		{B9E1D0E0-E1DB-49D7-A9D3-03DF7DEB0E00}.Debug|Any CPU.ActiveCfg = Debug|Any CPU
		{B9E1D0E0-E1DB-49D7-A9D3-03DF7DEB0E00}.Debug|Any CPU.Build.0 = Debug|Any CPU
		{B9E1D0E0-E1DB-49D7-A9D3-03DF7DEB0E00}.Debug|Mixed Platforms.ActiveCfg = Debug|Any CPU
		{B9E1D0E0-E1DB-49D7-A9D3-03DF7DEB0E00}.Debug|Mixed Platforms.Build.0 = Debug|Any CPU
		{B9E1D0E0-E1DB-49D7-A9D3-03DF7DEB0E00}.Release|.NET.ActiveCfg = Release|Any CPU
		{B9E1D0E0-E1DB-49D7-A9D3-03DF7DEB0E00}.Release|Any CPU.ActiveCfg = Release|Any CPU
		{B9E1D0E0-E1DB-49D7-A9D3-03DF7DEB0E00}.Release|Any CPU.Build.0 = Release|Any CPU
		{B9E1D0E0-E1DB-49D7-A9D3-03DF7DEB0E00}.Release|Mixed Platforms.ActiveCfg = Release|Any CPU
		{B9E1D0E0-E1DB-49D7-A9D3-03DF7DEB0E00}.Release|Mixed Platforms.Build.0 = Release|Any CPU
		{01FEFADF-1EE5-48EB-B77C-DA294C98349D}.Debug|.NET.ActiveCfg = Debug|Any CPU
		{01FEFADF-1EE5-48EB-B77C-DA294C98349D}.Debug|.NET.Build.0 = Debug|Any CPU
		{01FEFADF-1EE5-48EB-B77C-DA294C98349D}.Debug|Any CPU.ActiveCfg = Debug|Any CPU
		{01FEFADF-1EE5-48EB-B77C-DA294C98349D}.Debug|Any CPU.Build.0 = Debug|Any CPU
		{01FEFADF-1EE5-48EB-B77C-DA294C98349D}.Debug|Mixed Platforms.ActiveCfg = Debug|Any CPU
		{01FEFADF-1EE5-48EB-B77C-DA294C98349D}.Debug|Mixed Platforms.Build.0 = Debug|Any CPU
		{01FEFADF-1EE5-48EB-B77C-DA294C98349D}.Release|.NET.ActiveCfg = Debug|Any CPU
		{01FEFADF-1EE5-48EB-B77C-DA294C98349D}.Release|.NET.Build.0 = Debug|Any CPU
		{01FEFADF-1EE5-48EB-B77C-DA294C98349D}.Release|Any CPU.ActiveCfg = Debug|Any CPU
		{01FEFADF-1EE5-48EB-B77C-DA294C98349D}.Release|Any CPU.Build.0 = Debug|Any CPU
		{01FEFADF-1EE5-48EB-B77C-DA294C98349D}.Release|Mixed Platforms.ActiveCfg = Debug|Any CPU
		{01FEFADF-1EE5-48EB-B77C-DA294C98349D}.Release|Mixed Platforms.Build.0 = Debug|Any CPU
		{58527400-B60C-45ED-BBA7-D1FDF8B36FB0}.Debug|.NET.ActiveCfg = Debug|Any CPU
		{58527400-B60C-45ED-BBA7-D1FDF8B36FB0}.Debug|Any CPU.ActiveCfg = Debug|Any CPU
		{58527400-B60C-45ED-BBA7-D1FDF8B36FB0}.Debug|Any CPU.Build.0 = Debug|Any CPU
		{58527400-B60C-45ED-BBA7-D1FDF8B36FB0}.Debug|Mixed Platforms.ActiveCfg = Debug|Any CPU
		{58527400-B60C-45ED-BBA7-D1FDF8B36FB0}.Debug|Mixed Platforms.Build.0 = Debug|Any CPU
		{58527400-B60C-45ED-BBA7-D1FDF8B36FB0}.Release|.NET.ActiveCfg = Release|Any CPU
		{58527400-B60C-45ED-BBA7-D1FDF8B36FB0}.Release|Any CPU.ActiveCfg = Release|Any CPU
		{58527400-B60C-45ED-BBA7-D1FDF8B36FB0}.Release|Any CPU.Build.0 = Release|Any CPU
		{58527400-B60C-45ED-BBA7-D1FDF8B36FB0}.Release|Mixed Platforms.ActiveCfg = Release|Any CPU
		{58527400-B60C-45ED-BBA7-D1FDF8B36FB0}.Release|Mixed Platforms.Build.0 = Release|Any CPU
		{AC92CE67-9A49-448F-9995-90882E23E58E}.Debug|.NET.ActiveCfg = Debug|Any CPU
		{AC92CE67-9A49-448F-9995-90882E23E58E}.Debug|Any CPU.ActiveCfg = Debug|Any CPU
		{AC92CE67-9A49-448F-9995-90882E23E58E}.Debug|Any CPU.Build.0 = Debug|Any CPU
		{AC92CE67-9A49-448F-9995-90882E23E58E}.Debug|Mixed Platforms.ActiveCfg = Debug|Any CPU
		{AC92CE67-9A49-448F-9995-90882E23E58E}.Debug|Mixed Platforms.Build.0 = Debug|Any CPU
		{AC92CE67-9A49-448F-9995-90882E23E58E}.Release|.NET.ActiveCfg = Release|Any CPU
		{AC92CE67-9A49-448F-9995-90882E23E58E}.Release|Any CPU.ActiveCfg = Release|Any CPU
		{AC92CE67-9A49-448F-9995-90882E23E58E}.Release|Any CPU.Build.0 = Release|Any CPU
		{AC92CE67-9A49-448F-9995-90882E23E58E}.Release|Mixed Platforms.ActiveCfg = Release|Any CPU
		{AC92CE67-9A49-448F-9995-90882E23E58E}.Release|Mixed Platforms.Build.0 = Release|Any CPU
		{C5095C64-66C4-4D71-B121-B8B3ADDC51AE}.Debug|.NET.ActiveCfg = Debug|Any CPU
		{C5095C64-66C4-4D71-B121-B8B3ADDC51AE}.Debug|Any CPU.ActiveCfg = Debug|Any CPU
		{C5095C64-66C4-4D71-B121-B8B3ADDC51AE}.Debug|Any CPU.Build.0 = Debug|Any CPU
		{C5095C64-66C4-4D71-B121-B8B3ADDC51AE}.Debug|Mixed Platforms.ActiveCfg = Debug|Any CPU
		{C5095C64-66C4-4D71-B121-B8B3ADDC51AE}.Debug|Mixed Platforms.Build.0 = Debug|Any CPU
		{C5095C64-66C4-4D71-B121-B8B3ADDC51AE}.Release|.NET.ActiveCfg = Release|Any CPU
		{C5095C64-66C4-4D71-B121-B8B3ADDC51AE}.Release|Any CPU.ActiveCfg = Release|Any CPU
		{C5095C64-66C4-4D71-B121-B8B3ADDC51AE}.Release|Any CPU.Build.0 = Release|Any CPU
		{C5095C64-66C4-4D71-B121-B8B3ADDC51AE}.Release|Mixed Platforms.ActiveCfg = Release|Any CPU
		{C5095C64-66C4-4D71-B121-B8B3ADDC51AE}.Release|Mixed Platforms.Build.0 = Release|Any CPU
		{28607EF2-0DF9-4F50-B3F7-6ED21AF8496D}.Debug|.NET.ActiveCfg = Debug|Any CPU
		{28607EF2-0DF9-4F50-B3F7-6ED21AF8496D}.Debug|Any CPU.ActiveCfg = Debug|Any CPU
		{28607EF2-0DF9-4F50-B3F7-6ED21AF8496D}.Debug|Any CPU.Build.0 = Debug|Any CPU
		{28607EF2-0DF9-4F50-B3F7-6ED21AF8496D}.Debug|Mixed Platforms.ActiveCfg = Debug|Any CPU
		{28607EF2-0DF9-4F50-B3F7-6ED21AF8496D}.Debug|Mixed Platforms.Build.0 = Debug|Any CPU
		{28607EF2-0DF9-4F50-B3F7-6ED21AF8496D}.Release|.NET.ActiveCfg = Release|Any CPU
		{28607EF2-0DF9-4F50-B3F7-6ED21AF8496D}.Release|Any CPU.ActiveCfg = Release|Any CPU
		{28607EF2-0DF9-4F50-B3F7-6ED21AF8496D}.Release|Any CPU.Build.0 = Release|Any CPU
		{28607EF2-0DF9-4F50-B3F7-6ED21AF8496D}.Release|Mixed Platforms.ActiveCfg = Release|Any CPU
		{28607EF2-0DF9-4F50-B3F7-6ED21AF8496D}.Release|Mixed Platforms.Build.0 = Release|Any CPU
	EndGlobalSection
	GlobalSection(SolutionProperties) = preSolution
		HideSolutionNode = FALSE
	EndGlobalSection
	GlobalSection(NestedProjects) = preSolution
		{57B641A6-3F53-41A2-9AFF-51D93610A0BD} = {464B428A-45D3-4D43-93D0-6706C9B226D1}
		{95F105FC-3028-433C-AE1B-111FAED4E0AF} = {464B428A-45D3-4D43-93D0-6706C9B226D1}
		{17C12B5A-7AAF-4D52-821C-68781E37911E} = {464B428A-45D3-4D43-93D0-6706C9B226D1}
		{116C4886-1DDA-43D6-B216-ED3D1F5F3C1F} = {0F20696D-702A-4758-9EC4-4D10D1BEC8D7}
		{E07B1974-B994-4D4A-B12E-C6B9E53CAC23} = {0F20696D-702A-4758-9EC4-4D10D1BEC8D7}
		{89D70C6D-2A2D-4AD5-9DD4-F878FAD81D5F} = {0F20696D-702A-4758-9EC4-4D10D1BEC8D7}
		{B9E1D0E0-E1DB-49D7-A9D3-03DF7DEB0E00} = {57B641A6-3F53-41A2-9AFF-51D93610A0BD}
		{01FEFADF-1EE5-48EB-B77C-DA294C98349D} = {95F105FC-3028-433C-AE1B-111FAED4E0AF}
		{58527400-B60C-45ED-BBA7-D1FDF8B36FB0} = {17C12B5A-7AAF-4D52-821C-68781E37911E}
		{AC92CE67-9A49-448F-9995-90882E23E58E} = {116C4886-1DDA-43D6-B216-ED3D1F5F3C1F}
		{C5095C64-66C4-4D71-B121-B8B3ADDC51AE} = {E07B1974-B994-4D4A-B12E-C6B9E53CAC23}
		{28607EF2-0DF9-4F50-B3F7-6ED21AF8496D} = {89D70C6D-2A2D-4AD5-9DD4-F878FAD81D5F}
	EndGlobalSection
	GlobalSection(ExtensibilityGlobals) = postSolution
		SolutionGuid = {647A8BF5-35C4-4004-85B2-710B4F2B56C3}
	EndGlobalSection
EndGlobal
